{
  "name": "status-worker",
  "version": "2.0.0",
  "lockfileVersion": 2,
  "requires": true,
  "packages": {
    "": {
      "name": "status-worker",
      "version": "2.0.0",
      "license": "MIT",
      "devDependencies": {
        "@cloudflare/workers-types": "^4.0.0"
      }
    },
    "node_modules/@cloudflare/workers-types": {
      "version": "4.20240320.1",
      "resolved": "https://registry.npmjs.org/@cloudflare/workers-types/-/workers-types-4.20240320.1.tgz",
      "integrity": "sha512-CiYtVpQURPgQqtBKkmOAnfPElVZuD7Xyf1IxKtKp2B4aB9gnooapwJhzeY8c4Ls4u17SgMS0MprOkrgYwzZ6xg==",
      "dev": true
    }
  },
  "dependencies": {
    "@cloudflare/workers-types": {
      "version": "4.20240320.1",
      "resolved": "https://registry.npmjs.org/@cloudflare/workers-types/-/workers-types-4.20240320.1.tgz",
      "integrity": "sha512-CiYtVpQURPgQqtBKkmOAnfPElVZuD7Xyf1IxKtKp2B4aB9gnooapwJhzeY8c4Ls4u17SgMS0MprOkrgYwzZ6xg==",
      "dev": true
    }
  }
}
