{
  "name": "status-worker",
  "version": "2.0.0",
  "lockfileVersion": 2,
  "requires": true,
  "packages": {
    "": {
      "name": "status-worker",
      "version": "2.0.0",
      "license": "MIT",
      "devDependencies": {
        "@cloudflare/workers-types": "^4.0.0"
      }
    },
    "node_modules/@cloudflare/workers-types": {
      "version": "4.20221111.1",
      "resolved": "https://registry.npmjs.org/@cloudflare/workers-types/-/workers-types-4.20221111.1.tgz",
      "integrity": "sha512-BNV2wN8V6Zduvo7UzxcdjBbLQ906D2KhS804PDufLgx/sanGJCHVJMOIaLvS/b61JKtot1U7P/l1fjrjZ7/E3A==",
      "dev": true
    }
  },
  "dependencies": {
    "@cloudflare/workers-types": {
      "version": "4.20221111.1",
      "resolved": "https://registry.npmjs.org/@cloudflare/workers-types/-/workers-types-4.20221111.1.tgz",
      "integrity": "sha512-BNV2wN8V6Zduvo7UzxcdjBbLQ906D2KhS804PDufLgx/sanGJCHVJMOIaLvS/b61JKtot1U7P/l1fjrjZ7/E3A==",
      "dev": true
    }
  }
}
